{
  "lockfileVersion": 1,
  "configVersion": 1,
  "workspaces": {
    "": {
      "name": "publint-nix",
      "dependencies": {
        "publint": "0.3.22",
      },
    },
  },
  "packages": {
    "@publint/pack": ["@publint/pack@0.1.6", "", { "dependencies": { "tinyexec": "^1.2.4" } }, "sha512-3uVNyGcVplhPZSLVyeIpL7+cIRn1YCSNHLG/rUIlBQMVH8YuN9++YF+5+UDIIO9RW98dujiUoTltO7RDB5bFJA=="],

    "mri": ["mri@1.2.0", "", {}, "sha512-tzzskb3bG8LvYGFF/mDTpq3jpI6Q9wc3LEmBaghu+DdCssd1FakN7Bc0hVNmEyGq1bq3RgfkCb3cmQLpNPOroA=="],

    "package-manager-detector": ["package-manager-detector@1.8.0", "", {}, "sha512-yQA4H19AmPEoMUeavPMDIe1higySl/gH/yaQrkT/s07Qp+7pp2hYz30N3z2l5BkjVkF9Ow6o0wjJamm2y7Sn0A=="],

    "picocolors": ["picocolors@1.1.1", "", {}, "sha512-xceH2snhtb5M9liqDsmEw56le376mTZkEX/jEb/RxNFyegNul7eNslCXP9FDj/Lcu0X8KEyMceP2ntpaHrDEVA=="],

    "publint": ["publint@0.3.22", "", { "dependencies": { "@publint/pack": "^0.1.6", "package-manager-detector": "^1.7.0", "picocolors": "^1.1.1", "sade": "^1.8.1" }, "bin": { "publint": "./src/cli.js" } }, "sha512-6Z/scsr5CA7APdwyF35EY88CqgDj1textWuY788DVTJYPCWVv/Wn9G6KmLnrVRnStgYcahqN4wCDLZGSbQJ69w=="],

    "sade": ["sade@1.8.1", "", { "dependencies": { "mri": "^1.1.0" } }, "sha512-xal3CZX1Xlo/k4ApwCFrHVACi9fBqJ7V+mwhBsuf/1IOKbBy098Fex+Wa/5QMubw09pSZ/u8EY8PWgevJsXp1A=="],

    "tinyexec": ["tinyexec@1.2.4", "", {}, "sha512-SHf/r48b7vOrjve9PxJo3MN5v5yuyjHvdUcrQffT3WXMUfnGmHDVbC4k3sHJaJTgZCwpUplIaAo5ANtMyp3YHg=="],
  }
}
